
Microsoft Visual Studio Solution File, Format Version 12.00
# Visual Studio Version 17
VisualStudioVersion = 17.5.33424.131
MinimumVisualStudioVersion = 10.0.40219.1
Project("{9A19103F-16F7-4668-BE54-9A1E7A4F7556}") = "ImportExtensions", "ImportExtensions\ImportExtensions.csproj", "{FBBF3966-FC10-4924-B151-C84F063A58B8}"
EndProject
Project("{9A19103F-16F7-4668-BE54-9A1E7A4F7556}") = "ImportExtensions.UnitTests", "ImportExtensions.UnitTests\ImportExtensions.UnitTests.csproj", "{AF2EF32F-0939-4984-98A8-B8475A7DA3EF}"
EndProject
Project("{F5034706-568F-408A-B7B3-4D38C6DB8A32}") = "ImportExtensions.Examples", "ImportExtensions.Examples\ImportExtensions.Examples.pssproj", "{6CAFC0C6-A428-4D30-A9F9-700E829FEA51}"
EndProject
Global
	GlobalSection(SolutionConfigurationPlatforms) = preSolution
		Debug|Any CPU = Debug|Any CPU
		Release|Any CPU = Release|Any CPU
	EndGlobalSection
	GlobalSection(ProjectConfigurationPlatforms) = postSolution
		{FBBF3966-FC10-4924-B151-C84F063A58B8}.Debug|Any CPU.ActiveCfg = Debug|Any CPU
		{FBBF3966-FC10-4924-B151-C84F063A58B8}.Debug|Any CPU.Build.0 = Debug|Any CPU
		{FBBF3966-FC10-4924-B151-C84F063A58B8}.Release|Any CPU.ActiveCfg = Release|Any CPU
		{FBBF3966-FC10-4924-B151-C84F063A58B8}.Release|Any CPU.Build.0 = Release|Any CPU
		{AF2EF32F-0939-4984-98A8-B8475A7DA3EF}.Debug|Any CPU.ActiveCfg = Debug|Any CPU
		{AF2EF32F-0939-4984-98A8-B8475A7DA3EF}.Debug|Any CPU.Build.0 = Debug|Any CPU
		{AF2EF32F-0939-4984-98A8-B8475A7DA3EF}.Release|Any CPU.ActiveCfg = Release|Any CPU
		{AF2EF32F-0939-4984-98A8-B8475A7DA3EF}.Release|Any CPU.Build.0 = Release|Any CPU
		{6CAFC0C6-A428-4D30-A9F9-700E829FEA51}.Debug|Any CPU.ActiveCfg = Debug|Any CPU
		{6CAFC0C6-A428-4D30-A9F9-700E829FEA51}.Debug|Any CPU.Build.0 = Debug|Any CPU
		{6CAFC0C6-A428-4D30-A9F9-700E829FEA51}.Release|Any CPU.ActiveCfg = Release|Any CPU
		{6CAFC0C6-A428-4D30-A9F9-700E829FEA51}.Release|Any CPU.Build.0 = Release|Any CPU
	EndGlobalSection
	GlobalSection(SolutionProperties) = preSolution
		HideSolutionNode = FALSE
	EndGlobalSection
	GlobalSection(ExtensibilityGlobals) = postSolution
		SolutionGuid = {D235952E-0E12-4385-9209-B5F935CF42D2}
	EndGlobalSection
EndGlobal
